
Microsoft Visual Studio Solution File, Format Version 12.00
# Visual Studio 14
VisualStudioVersion = 14.0.23107.0
MinimumVisualStudioVersion = 10.0.40219.1
Project("{FAE04EC0-301F-11D3-BF4B-00C04F79EFBC}") = "2", "2\2.csproj", "{768BAA1D-3E68-4C7E-9A54-522BC329CDEB}"
EndProject
Project("{FAE04EC0-301F-11D3-BF4B-00C04F79EFBC}") = "1", "1\1.csproj", "{4DAB5DBC-8760-4B4B-AB69-1CF114079DCE}"
EndProject
Project("{FAE04EC0-301F-11D3-BF4B-00C04F79EFBC}") = "3", "3\3.csproj", "{95C4DDDC-1BB1-49C6-8E9E-00B1C76CDA1B}"
EndProject
Project("{FAE04EC0-301F-11D3-BF4B-00C04F79EFBC}") = "4", "4\4.csproj", "{FB155DBA-AD90-4D6B-B972-631890C95F25}"
EndProject
Project("{FAE04EC0-301F-11D3-BF4B-00C04F79EFBC}") = "5", "5\5.csproj", "{3D9068F0-586F-4EEC-848E-5496572AD5AE}"
EndProject
Project("{FAE04EC0-301F-11D3-BF4B-00C04F79EFBC}") = "h1", "h1\h1.csproj", "{8CA1D911-8043-4B12-8A9C-1840BE7CF63F}"
EndProject
Project("{FAE04EC0-301F-11D3-BF4B-00C04F79EFBC}") = "hk-BubbleSort_CI", "hk-BubbleSort_CI\hk-BubbleSort_CI.csproj", "{DF49131A-E444-4442-81AC-43BF0D1D126D}"
EndProject
Global
	GlobalSection(SolutionConfigurationPlatforms) = preSolution
		Debug|Any CPU = Debug|Any CPU
		Release|Any CPU = Release|Any CPU
	EndGlobalSection
	GlobalSection(ProjectConfigurationPlatforms) = postSolution
		{768BAA1D-3E68-4C7E-9A54-522BC329CDEB}.Debug|Any CPU.ActiveCfg = Debug|Any CPU
		{768BAA1D-3E68-4C7E-9A54-522BC329CDEB}.Debug|Any CPU.Build.0 = Debug|Any CPU
		{768BAA1D-3E68-4C7E-9A54-522BC329CDEB}.Release|Any CPU.ActiveCfg = Release|Any CPU
		{768BAA1D-3E68-4C7E-9A54-522BC329CDEB}.Release|Any CPU.Build.0 = Release|Any CPU
		{4DAB5DBC-8760-4B4B-AB69-1CF114079DCE}.Debug|Any CPU.ActiveCfg = Debug|Any CPU
		{4DAB5DBC-8760-4B4B-AB69-1CF114079DCE}.Debug|Any CPU.Build.0 = Debug|Any CPU
		{4DAB5DBC-8760-4B4B-AB69-1CF114079DCE}.Release|Any CPU.ActiveCfg = Release|Any CPU
		{4DAB5DBC-8760-4B4B-AB69-1CF114079DCE}.Release|Any CPU.Build.0 = Release|Any CPU
		{95C4DDDC-1BB1-49C6-8E9E-00B1C76CDA1B}.Debug|Any CPU.ActiveCfg = Debug|Any CPU
		{95C4DDDC-1BB1-49C6-8E9E-00B1C76CDA1B}.Debug|Any CPU.Build.0 = Debug|Any CPU
		{95C4DDDC-1BB1-49C6-8E9E-00B1C76CDA1B}.Release|Any CPU.ActiveCfg = Release|Any CPU
		{95C4DDDC-1BB1-49C6-8E9E-00B1C76CDA1B}.Release|Any CPU.Build.0 = Release|Any CPU
		{FB155DBA-AD90-4D6B-B972-631890C95F25}.Debug|Any CPU.ActiveCfg = Debug|Any CPU
		{FB155DBA-AD90-4D6B-B972-631890C95F25}.Debug|Any CPU.Build.0 = Debug|Any CPU
		{FB155DBA-AD90-4D6B-B972-631890C95F25}.Release|Any CPU.ActiveCfg = Release|Any CPU
		{FB155DBA-AD90-4D6B-B972-631890C95F25}.Release|Any CPU.Build.0 = Release|Any CPU
		{3D9068F0-586F-4EEC-848E-5496572AD5AE}.Debug|Any CPU.ActiveCfg = Debug|Any CPU
		{3D9068F0-586F-4EEC-848E-5496572AD5AE}.Debug|Any CPU.Build.0 = Debug|Any CPU
		{3D9068F0-586F-4EEC-848E-5496572AD5AE}.Release|Any CPU.ActiveCfg = Release|Any CPU
		{3D9068F0-586F-4EEC-848E-5496572AD5AE}.Release|Any CPU.Build.0 = Release|Any CPU
		{8CA1D911-8043-4B12-8A9C-1840BE7CF63F}.Debug|Any CPU.ActiveCfg = Debug|Any CPU
		{8CA1D911-8043-4B12-8A9C-1840BE7CF63F}.Debug|Any CPU.Build.0 = Debug|Any CPU
		{8CA1D911-8043-4B12-8A9C-1840BE7CF63F}.Release|Any CPU.ActiveCfg = Release|Any CPU
		{8CA1D911-8043-4B12-8A9C-1840BE7CF63F}.Release|Any CPU.Build.0 = Release|Any CPU
		{DF49131A-E444-4442-81AC-43BF0D1D126D}.Debug|Any CPU.ActiveCfg = Debug|Any CPU
		{DF49131A-E444-4442-81AC-43BF0D1D126D}.Debug|Any CPU.Build.0 = Debug|Any CPU
		{DF49131A-E444-4442-81AC-43BF0D1D126D}.Release|Any CPU.ActiveCfg = Release|Any CPU
		{DF49131A-E444-4442-81AC-43BF0D1D126D}.Release|Any CPU.Build.0 = Release|Any CPU
	EndGlobalSection
	GlobalSection(SolutionProperties) = preSolution
		HideSolutionNode = FALSE
	EndGlobalSection
EndGlobal
